// !$*UTF8*$!
{
	archiveVersion = 1;
	classes = {
	};
	objectVersion = 56;
	objects = {

/* Begin PBXBuildFile section */
		671C1E7D2C6517F5006B458A /* UserService.swift in Sources */ = {isa = PBXBuildFile; fileRef = 671C1E7C2C6517F5006B458A /* UserService.swift */; };
		671C1E812C65BCC2006B458A /* InboxViewModel.swift in Sources */ = {isa = PBXBuildFile; fileRef = 671C1E802C65BCC2006B458A /* InboxViewModel.swift */; };
		671C1E852C6A24E1006B458A /* NewMessageViewModel.swift in Sources */ = {isa = PBXBuildFile; fileRef = 671C1E842C6A24E1006B458A /* NewMessageViewModel.swift */; };
		671C1E872C6A2F05006B458A /* Message.swift in Sources */ = {isa = PBXBuildFile; fileRef = 671C1E862C6A2F05006B458A /* Message.swift */; };
		671C1E892C6A312E006B458A /* MessageService.swift in Sources */ = {isa = PBXBuildFile; fileRef = 671C1E882C6A312E006B458A /* MessageService.swift */; };
		671C1E8D2C6A3609006B458A /* ChatViewModel.swift in Sources */ = {isa = PBXBuildFile; fileRef = 671C1E8C2C6A3609006B458A /* ChatViewModel.swift */; };
		6744D3552C291878009AB197 /* MessengerCloneApp.swift in Sources */ = {isa = PBXBuildFile; fileRef = 6744D3542C291878009AB197 /* MessengerCloneApp.swift */; };
		6744D3572C291878009AB197 /* ContentView.swift in Sources */ = {isa = PBXBuildFile; fileRef = 6744D3562C291878009AB197 /* ContentView.swift */; };
		6744D3592C291879009AB197 /* Assets.xcassets in Resources */ = {isa = PBXBuildFile; fileRef = 6744D3582C291879009AB197 /* Assets.xcassets */; };
		6744D35C2C291879009AB197 /* Preview Assets.xcassets in Resources */ = {isa = PBXBuildFile; fileRef = 6744D35B2C291879009AB197 /* Preview Assets.xcassets */; };
		6744D36E2C2919B0009AB197 /* LoginView.swift in Sources */ = {isa = PBXBuildFile; fileRef = 6744D36D2C2919B0009AB197 /* LoginView.swift */; };
		674E199D2C4554D900A83AF1 /* ChatMessageCell.swift in Sources */ = {isa = PBXBuildFile; fileRef = 674E199C2C4554D900A83AF1 /* ChatMessageCell.swift */; };
		674E199F2C4558ED00A83AF1 /* ChatBubble.swift in Sources */ = {isa = PBXBuildFile; fileRef = 674E199E2C4558ED00A83AF1 /* ChatBubble.swift */; };
		675C5B892C359C8600D984D4 /* NewMessageView.swift in Sources */ = {isa = PBXBuildFile; fileRef = 675C5B882C359C8600D984D4 /* NewMessageView.swift */; };
		67639E172C2B1680007DD304 /* RegistrationView.swift in Sources */ = {isa = PBXBuildFile; fileRef = 67639E162C2B1680007DD304 /* RegistrationView.swift */; };
		6794475C2C4EA3D200E09E94 /* LoginViewModel.swift in Sources */ = {isa = PBXBuildFile; fileRef = 6794475B2C4EA3D200E09E94 /* LoginViewModel.swift */; };
		6794475E2C4EA40B00E09E94 /* RegistrationViewModel.swift in Sources */ = {isa = PBXBuildFile; fileRef = 6794475D2C4EA40B00E09E94 /* RegistrationViewModel.swift */; };
		679447602C4EA42D00E09E94 /* AuthService.swift in Sources */ = {isa = PBXBuildFile; fileRef = 6794475F2C4EA42D00E09E94 /* AuthService.swift */; };
		67A828D52C32FEA400AD87C1 /* InboxView.swift in Sources */ = {isa = PBXBuildFile; fileRef = 67A828D42C32FEA400AD87C1 /* InboxView.swift */; };
		67A828D82C33011400AD87C1 /* ActiveNowView.swift in Sources */ = {isa = PBXBuildFile; fileRef = 67A828D72C33011400AD87C1 /* ActiveNowView.swift */; };
		67A828DA2C33053500AD87C1 /* InboxRowView.swift in Sources */ = {isa = PBXBuildFile; fileRef = 67A828D92C33053500AD87C1 /* InboxRowView.swift */; };
		67A938052C48102100106CFD /* GoogleService-Info.plist in Resources */ = {isa = PBXBuildFile; fileRef = 67A938042C48102100106CFD /* GoogleService-Info.plist */; };
		67A938082C48118800106CFD /* FirebaseAnalytics in Frameworks */ = {isa = PBXBuildFile; productRef = 67A938072C48118800106CFD /* FirebaseAnalytics */; };
		67A9380A2C48118800106CFD /* FirebaseAnalyticsOnDeviceConversion in Frameworks */ = {isa = PBXBuildFile; productRef = 67A938092C48118800106CFD /* FirebaseAnalyticsOnDeviceConversion */; };
		67A9380C2C48118800106CFD /* FirebaseAnalyticsSwift in Frameworks */ = {isa = PBXBuildFile; productRef = 67A9380B2C48118800106CFD /* FirebaseAnalyticsSwift */; };
		67A9380E2C48118800106CFD /* FirebaseAnalyticsWithoutAdIdSupport in Frameworks */ = {isa = PBXBuildFile; productRef = 67A9380D2C48118800106CFD /* FirebaseAnalyticsWithoutAdIdSupport */; };
		67A938102C48118800106CFD /* FirebaseAppCheck in Frameworks */ = {isa = PBXBuildFile; productRef = 67A9380F2C48118800106CFD /* FirebaseAppCheck */; };
		67A938122C48118800106CFD /* FirebaseAppDistribution-Beta in Frameworks */ = {isa = PBXBuildFile; productRef = 67A938112C48118800106CFD /* FirebaseAppDistribution-Beta */; };
		67A938142C48118800106CFD /* FirebaseAuth in Frameworks */ = {isa = PBXBuildFile; productRef = 67A938132C48118800106CFD /* FirebaseAuth */; };
		67A938162C48118800106CFD /* FirebaseAuthCombine-Community in Frameworks */ = {isa = PBXBuildFile; productRef = 67A938152C48118800106CFD /* FirebaseAuthCombine-Community */; };
		67A938182C48118800106CFD /* FirebaseCrashlytics in Frameworks */ = {isa = PBXBuildFile; productRef = 67A938172C48118800106CFD /* FirebaseCrashlytics */; };
		67A9381A2C48118800106CFD /* FirebaseDatabase in Frameworks */ = {isa = PBXBuildFile; productRef = 67A938192C48118800106CFD /* FirebaseDatabase */; };
		67A9381C2C48118800106CFD /* FirebaseDatabaseSwift in Frameworks */ = {isa = PBXBuildFile; productRef = 67A9381B2C48118800106CFD /* FirebaseDatabaseSwift */; };
		67A9381E2C48118800106CFD /* FirebaseDynamicLinks in Frameworks */ = {isa = PBXBuildFile; productRef = 67A9381D2C48118800106CFD /* FirebaseDynamicLinks */; };
		67A938202C48118800106CFD /* FirebaseFirestore in Frameworks */ = {isa = PBXBuildFile; productRef = 67A9381F2C48118800106CFD /* FirebaseFirestore */; };
		67A938222C48118800106CFD /* FirebaseFirestoreCombine-Community in Frameworks */ = {isa = PBXBuildFile; productRef = 67A938212C48118800106CFD /* FirebaseFirestoreCombine-Community */; };
		67A938242C48118800106CFD /* FirebaseFirestoreSwift in Frameworks */ = {isa = PBXBuildFile; productRef = 67A938232C48118800106CFD /* FirebaseFirestoreSwift */; };
		67A938262C48118800106CFD /* FirebaseFunctions in Frameworks */ = {isa = PBXBuildFile; productRef = 67A938252C48118800106CFD /* FirebaseFunctions */; };
		67A938282C48118800106CFD /* FirebaseFunctionsCombine-Community in Frameworks */ = {isa = PBXBuildFile; productRef = 67A938272C48118800106CFD /* FirebaseFunctionsCombine-Community */; };
		67A9382A2C48118800106CFD /* FirebaseInAppMessaging-Beta in Frameworks */ = {isa = PBXBuildFile; productRef = 67A938292C48118800106CFD /* FirebaseInAppMessaging-Beta */; };
		67A9382C2C48118800106CFD /* FirebaseInAppMessagingSwift-Beta in Frameworks */ = {isa = PBXBuildFile; productRef = 67A9382B2C48118800106CFD /* FirebaseInAppMessagingSwift-Beta */; };
		67A9382E2C48118800106CFD /* FirebaseInstallations in Frameworks */ = {isa = PBXBuildFile; productRef = 67A9382D2C48118800106CFD /* FirebaseInstallations */; };
		67A938302C48118800106CFD /* FirebaseMLModelDownloader in Frameworks */ = {isa = PBXBuildFile; productRef = 67A9382F2C48118800106CFD /* FirebaseMLModelDownloader */; };
		67A938322C48118800106CFD /* FirebaseMessaging in Frameworks */ = {isa = PBXBuildFile; productRef = 67A938312C48118800106CFD /* FirebaseMessaging */; };
		67A938342C48118800106CFD /* FirebasePerformance in Frameworks */ = {isa = PBXBuildFile; productRef = 67A938332C48118800106CFD /* FirebasePerformance */; };
		67A938362C48118800106CFD /* FirebaseRemoteConfig in Frameworks */ = {isa = PBXBuildFile; productRef = 67A938352C48118800106CFD /* FirebaseRemoteConfig */; };
		67A938382C48118800106CFD /* FirebaseRemoteConfigSwift in Frameworks */ = {isa = PBXBuildFile; productRef = 67A938372C48118800106CFD /* FirebaseRemoteConfigSwift */; };
		67A9383A2C48118800106CFD /* FirebaseStorage in Frameworks */ = {isa = PBXBuildFile; productRef = 67A938392C48118800106CFD /* FirebaseStorage */; };
		67A9383C2C48118800106CFD /* FirebaseStorageCombine-Community in Frameworks */ = {isa = PBXBuildFile; productRef = 67A9383B2C48118800106CFD /* FirebaseStorageCombine-Community */; };
		67A9383E2C48118800106CFD /* FirebaseVertexAI-Preview in Frameworks */ = {isa = PBXBuildFile; productRef = 67A9383D2C48118800106CFD /* FirebaseVertexAI-Preview */; };
		67A9BD0C2C64C69A000AC777 /* ContentViewModel.swift in Sources */ = {isa = PBXBuildFile; fileRef = 67A9BD0B2C64C69A000AC777 /* ContentViewModel.swift */; };
		67D3757A2C3A353F003CFE57 /* ProfileView.swift in Sources */ = {isa = PBXBuildFile; fileRef = 67D375792C3A353F003CFE57 /* ProfileView.swift */; };
		67D3757C2C3A3928003CFE57 /* SettingsOptionsViewModel.swift in Sources */ = {isa = PBXBuildFile; fileRef = 67D3757B2C3A3928003CFE57 /* SettingsOptionsViewModel.swift */; };
		67D3757E2C3A42BA003CFE57 /* ProfileViewModel.swift in Sources */ = {isa = PBXBuildFile; fileRef = 67D3757D2C3A42BA003CFE57 /* ProfileViewModel.swift */; };
		67D375B02C3C2B48003CFE57 /* User.swift in Sources */ = {isa = PBXBuildFile; fileRef = 67D375AF2C3C2B48003CFE57 /* User.swift */; };
		67D375B32C3C35DF003CFE57 /* CircularProfileImageView.swift in Sources */ = {isa = PBXBuildFile; fileRef = 67D375B22C3C35DF003CFE57 /* CircularProfileImageView.swift */; };
		67D375B62C3C3A73003CFE57 /* ChatView.swift in Sources */ = {isa = PBXBuildFile; fileRef = 67D375B52C3C3A73003CFE57 /* ChatView.swift */; };
/* End PBXBuildFile section */

/* Begin PBXFileReference section */
		671C1E7C2C6517F5006B458A /* UserService.swift */ = {isa = PBXFileReference; lastKnownFileType = sourcecode.swift; path = UserService.swift; sourceTree = "<group>"; };
		671C1E802C65BCC2006B458A /* InboxViewModel.swift */ = {isa = PBXFileReference; lastKnownFileType = sourcecode.swift; path = InboxViewModel.swift; sourceTree = "<group>"; };
		671C1E842C6A24E1006B458A /* NewMessageViewModel.swift */ = {isa = PBXFileReference; lastKnownFileType = sourcecode.swift; path = NewMessageViewModel.swift; sourceTree = "<group>"; };
		671C1E862C6A2F05006B458A /* Message.swift */ = {isa = PBXFileReference; lastKnownFileType = sourcecode.swift; path = Message.swift; sourceTree = "<group>"; };
		671C1E882C6A312E006B458A /* MessageService.swift */ = {isa = PBXFileReference; lastKnownFileType = sourcecode.swift; path = MessageService.swift; sourceTree = "<group>"; };
		671C1E8C2C6A3609006B458A /* ChatViewModel.swift */ = {isa = PBXFileReference; lastKnownFileType = sourcecode.swift; path = ChatViewModel.swift; sourceTree = "<group>"; };
		6744D3512C291878009AB197 /* MessengerClone.app */ = {isa = PBXFileReference; explicitFileType = wrapper.application; includeInIndex = 0; path = MessengerClone.app; sourceTree = BUILT_PRODUCTS_DIR; };
		6744D3542C291878009AB197 /* MessengerCloneApp.swift */ = {isa = PBXFileReference; lastKnownFileType = sourcecode.swift; path = MessengerCloneApp.swift; sourceTree = "<group>"; };
		6744D3562C291878009AB197 /* ContentView.swift */ = {isa = PBXFileReference; lastKnownFileType = sourcecode.swift; path = ContentView.swift; sourceTree = "<group>"; };
		6744D3582C291879009AB197 /* Assets.xcassets */ = {isa = PBXFileReference; lastKnownFileType = folder.assetcatalog; path = Assets.xcassets; sourceTree = "<group>"; };
		6744D35B2C291879009AB197 /* Preview Assets.xcassets */ = {isa = PBXFileReference; lastKnownFileType = folder.assetcatalog; path = "Preview Assets.xcassets"; sourceTree = "<group>"; };
		6744D36D2C2919B0009AB197 /* LoginView.swift */ = {isa = PBXFileReference; lastKnownFileType = sourcecode.swift; path = LoginView.swift; sourceTree = "<group>"; };
		674E199C2C4554D900A83AF1 /* ChatMessageCell.swift */ = {isa = PBXFileReference; lastKnownFileType = sourcecode.swift; path = ChatMessageCell.swift; sourceTree = "<group>"; };
		674E199E2C4558ED00A83AF1 /* ChatBubble.swift */ = {isa = PBXFileReference; lastKnownFileType = sourcecode.swift; path = ChatBubble.swift; sourceTree = "<group>"; };
		675C5B882C359C8600D984D4 /* NewMessageView.swift */ = {isa = PBXFileReference; lastKnownFileType = sourcecode.swift; path = NewMessageView.swift; sourceTree = "<group>"; };
		67639E162C2B1680007DD304 /* RegistrationView.swift */ = {isa = PBXFileReference; lastKnownFileType = sourcecode.swift; path = RegistrationView.swift; sourceTree = "<group>"; };
		6794475B2C4EA3D200E09E94 /* LoginViewModel.swift */ = {isa = PBXFileReference; lastKnownFileType = sourcecode.swift; path = LoginViewModel.swift; sourceTree = "<group>"; };
		6794475D2C4EA40B00E09E94 /* RegistrationViewModel.swift */ = {isa = PBXFileReference; lastKnownFileType = sourcecode.swift; path = RegistrationViewModel.swift; sourceTree = "<group>"; };
		6794475F2C4EA42D00E09E94 /* AuthService.swift */ = {isa = PBXFileReference; lastKnownFileType = sourcecode.swift; path = AuthService.swift; sourceTree = "<group>"; };
		67A828D42C32FEA400AD87C1 /* InboxView.swift */ = {isa = PBXFileReference; lastKnownFileType = sourcecode.swift; path = InboxView.swift; sourceTree = "<group>"; };
		67A828D72C33011400AD87C1 /* ActiveNowView.swift */ = {isa = PBXFileReference; lastKnownFileType = sourcecode.swift; path = ActiveNowView.swift; sourceTree = "<group>"; };
		67A828D92C33053500AD87C1 /* InboxRowView.swift */ = {isa = PBXFileReference; lastKnownFileType = sourcecode.swift; path = InboxRowView.swift; sourceTree = "<group>"; };
		67A938042C48102100106CFD /* GoogleService-Info.plist */ = {isa = PBXFileReference; fileEncoding = 4; lastKnownFileType = text.plist.xml; path = "GoogleService-Info.plist"; sourceTree = "<group>"; };
		67A9BD0B2C64C69A000AC777 /* ContentViewModel.swift */ = {isa = PBXFileReference; lastKnownFileType = sourcecode.swift; path = ContentViewModel.swift; sourceTree = "<group>"; };
		67D375792C3A353F003CFE57 /* ProfileView.swift */ = {isa = PBXFileReference; lastKnownFileType = sourcecode.swift; path = ProfileView.swift; sourceTree = "<group>"; };
		67D3757B2C3A3928003CFE57 /* SettingsOptionsViewModel.swift */ = {isa = PBXFileReference; lastKnownFileType = sourcecode.swift; path = SettingsOptionsViewModel.swift; sourceTree = "<group>"; };
		67D3757D2C3A42BA003CFE57 /* ProfileViewModel.swift */ = {isa = PBXFileReference; lastKnownFileType = sourcecode.swift; path = ProfileViewModel.swift; sourceTree = "<group>"; };
		67D375AF2C3C2B48003CFE57 /* User.swift */ = {isa = PBXFileReference; lastKnownFileType = sourcecode.swift; path = User.swift; sourceTree = "<group>"; };
		67D375B22C3C35DF003CFE57 /* CircularProfileImageView.swift */ = {isa = PBXFileReference; lastKnownFileType = sourcecode.swift; path = CircularProfileImageView.swift; sourceTree = "<group>"; };
		67D375B52C3C3A73003CFE57 /* ChatView.swift */ = {isa = PBXFileReference; lastKnownFileType = sourcecode.swift; path = ChatView.swift; sourceTree = "<group>"; };
/* End PBXFileReference section */

/* Begin PBXFrameworksBuildPhase section */
		6744D34E2C291878009AB197 /* Frameworks */ = {
			isa = PBXFrameworksBuildPhase;
			buildActionMask = 2147483647;
			files = (
				67A9381A2C48118800106CFD /* FirebaseDatabase in Frameworks */,
				67A938282C48118800106CFD /* FirebaseFunctionsCombine-Community in Frameworks */,
				67A938202C48118800106CFD /* FirebaseFirestore in Frameworks */,
				67A9380C2C48118800106CFD /* FirebaseAnalyticsSwift in Frameworks */,
				67A938082C48118800106CFD /* FirebaseAnalytics in Frameworks */,
				67A9380A2C48118800106CFD /* FirebaseAnalyticsOnDeviceConversion in Frameworks */,
				67A938302C48118800106CFD /* FirebaseMLModelDownloader in Frameworks */,
				67A938242C48118800106CFD /* FirebaseFirestoreSwift in Frameworks */,
				67A938102C48118800106CFD /* FirebaseAppCheck in Frameworks */,
				67A9380E2C48118800106CFD /* FirebaseAnalyticsWithoutAdIdSupport in Frameworks */,
				67A938142C48118800106CFD /* FirebaseAuth in Frameworks */,
				67A938182C48118800106CFD /* FirebaseCrashlytics in Frameworks */,
				67A938382C48118800106CFD /* FirebaseRemoteConfigSwift in Frameworks */,
				67A9382A2C48118800106CFD /* FirebaseInAppMessaging-Beta in Frameworks */,
				67A9381C2C48118800106CFD /* FirebaseDatabaseSwift in Frameworks */,
				67A938262C48118800106CFD /* FirebaseFunctions in Frameworks */,
				67A9383C2C48118800106CFD /* FirebaseStorageCombine-Community in Frameworks */,
				67A938362C48118800106CFD /* FirebaseRemoteConfig in Frameworks */,
				67A938122C48118800106CFD /* FirebaseAppDistribution-Beta in Frameworks */,
				67A938162C48118800106CFD /* FirebaseAuthCombine-Community in Frameworks */,
				67A938342C48118800106CFD /* FirebasePerformance in Frameworks */,
				67A9382C2C48118800106CFD /* FirebaseInAppMessagingSwift-Beta in Frameworks */,
				67A9383A2C48118800106CFD /* FirebaseStorage in Frameworks */,
				67A9381E2C48118800106CFD /* FirebaseDynamicLinks in Frameworks */,
				67A9383E2C48118800106CFD /* FirebaseVertexAI-Preview in Frameworks */,
				67A938222C48118800106CFD /* FirebaseFirestoreCombine-Community in Frameworks */,
				67A938322C48118800106CFD /* FirebaseMessaging in Frameworks */,
				67A9382E2C48118800106CFD /* FirebaseInstallations in Frameworks */,
			);
			runOnlyForDeploymentPostprocessing = 0;
		};
/* End PBXFrameworksBuildPhase section */

/* Begin PBXGroup section */
		671C1E7E2C65BC91006B458A /* Views */ = {
			isa = PBXGroup;
			children = (
				67A828D42C32FEA400AD87C1 /* InboxView.swift */,
				67A828D92C33053500AD87C1 /* InboxRowView.swift */,
			);
			path = Views;
			sourceTree = "<group>";
		};
		671C1E7F2C65BC9D006B458A /* ViewModels */ = {
			isa = PBXGroup;
			children = (
				671C1E802C65BCC2006B458A /* InboxViewModel.swift */,
			);
			path = ViewModels;
			sourceTree = "<group>";
		};
		671C1E822C6A24B9006B458A /* ViewModels */ = {
			isa = PBXGroup;
			children = (
				671C1E842C6A24E1006B458A /* NewMessageViewModel.swift */,
			);
			path = ViewModels;
			sourceTree = "<group>";
		};
		671C1E832C6A24CA006B458A /* Views */ = {
			isa = PBXGroup;
			children = (
				675C5B882C359C8600D984D4 /* NewMessageView.swift */,
			);
			path = Views;
			sourceTree = "<group>";
		};
		671C1E8A2C6A35EF006B458A /* View */ = {
			isa = PBXGroup;
			children = (
				67D375B52C3C3A73003CFE57 /* ChatView.swift */,
				674E199E2C4558ED00A83AF1 /* ChatBubble.swift */,
				674E199C2C4554D900A83AF1 /* ChatMessageCell.swift */,
			);
			path = View;
			sourceTree = "<group>";
		};
		671C1E8B2C6A35F4006B458A /* ViewModel */ = {
			isa = PBXGroup;
			children = (
				671C1E8C2C6A3609006B458A /* ChatViewModel.swift */,
			);
			path = ViewModel;
			sourceTree = "<group>";
		};
		6744D3482C291878009AB197 = {
			isa = PBXGroup;
			children = (
				6744D3532C291878009AB197 /* MessengerClone */,
				6744D3522C291878009AB197 /* Products */,
			);
			sourceTree = "<group>";
		};
		6744D3522C291878009AB197 /* Products */ = {
			isa = PBXGroup;
			children = (
				6744D3512C291878009AB197 /* MessengerClone.app */,
			);
			name = Products;
			sourceTree = "<group>";
		};
		6744D3532C291878009AB197 /* MessengerClone */ = {
			isa = PBXGroup;
			children = (
				6744D3692C291905009AB197 /* App */,
				6744D3682C291902009AB197 /* Core */,
				6744D3672C2918FF009AB197 /* Models */,
				6744D3652C2918EF009AB197 /* Extensions */,
				6744D3622C2918BC009AB197 /* Service */,
				6744D3582C291879009AB197 /* Assets.xcassets */,
				67A938042C48102100106CFD /* GoogleService-Info.plist */,
				6744D35A2C291879009AB197 /* Preview Content */,
			);
			path = MessengerClone;
			sourceTree = "<group>";
		};
		6744D35A2C291879009AB197 /* Preview Content */ = {
			isa = PBXGroup;
			children = (
				6744D35B2C291879009AB197 /* Preview Assets.xcassets */,
			);
			path = "Preview Content";
			sourceTree = "<group>";
		};
		6744D3622C2918BC009AB197 /* Service */ = {
			isa = PBXGroup;
			children = (
				671C1E7C2C6517F5006B458A /* UserService.swift */,
				671C1E882C6A312E006B458A /* MessageService.swift */,
			);
			path = Service;
			sourceTree = "<group>";
		};
		6744D3652C2918EF009AB197 /* Extensions */ = {
			isa = PBXGroup;
			children = (
			);
			path = Extensions;
			sourceTree = "<group>";
		};
		6744D3672C2918FF009AB197 /* Models */ = {
			isa = PBXGroup;
			children = (
				67D375AF2C3C2B48003CFE57 /* User.swift */,
				671C1E862C6A2F05006B458A /* Message.swift */,
			);
			path = Models;
			sourceTree = "<group>";
		};
		6744D3682C291902009AB197 /* Core */ = {
			isa = PBXGroup;
			children = (
				67A828D62C3300B900AD87C1 /* ActiveNow */,
				6744D36A2C291945009AB197 /* Authentication */,
				67D375B42C3C3A62003CFE57 /* Chat */,
				67D375B12C3C35C8003CFE57 /* Components */,
				67A828D32C32FE8800AD87C1 /* Inbox */,
				675C5B8A2C359FF800D984D4 /* NewMessage */,
				67D375762C3A3513003CFE57 /* Profile */,
				6744D36B2C29195B009AB197 /* Root */,
			);
			path = Core;
			sourceTree = "<group>";
		};
		6744D3692C291905009AB197 /* App */ = {
			isa = PBXGroup;
			children = (
				6744D3542C291878009AB197 /* MessengerCloneApp.swift */,
			);
			path = App;
			sourceTree = "<group>";
		};
		6744D36A2C291945009AB197 /* Authentication */ = {
			isa = PBXGroup;
			children = (
				6794475A2C4EA3C500E09E94 /* ViewModel */,
				679447592C4EA3BC00E09E94 /* Service */,
				6744D36C2C2919A6009AB197 /* View */,
			);
			path = Authentication;
			sourceTree = "<group>";
		};
		6744D36B2C29195B009AB197 /* Root */ = {
			isa = PBXGroup;
			children = (
				67A9BD0A2C64C683000AC777 /* ViewModel */,
				67A9BD0D2C64C6A0000AC777 /* View */,
			);
			path = Root;
			sourceTree = "<group>";
		};
		6744D36C2C2919A6009AB197 /* View */ = {
			isa = PBXGroup;
			children = (
				6744D36D2C2919B0009AB197 /* LoginView.swift */,
				67639E162C2B1680007DD304 /* RegistrationView.swift */,
			);
			path = View;
			sourceTree = "<group>";
		};
		675C5B8A2C359FF800D984D4 /* NewMessage */ = {
			isa = PBXGroup;
			children = (
				671C1E832C6A24CA006B458A /* Views */,
				671C1E822C6A24B9006B458A /* ViewModels */,
			);
			path = NewMessage;
			sourceTree = "<group>";
		};
		679447592C4EA3BC00E09E94 /* Service */ = {
			isa = PBXGroup;
			children = (
				6794475F2C4EA42D00E09E94 /* AuthService.swift */,
			);
			path = Service;
			sourceTree = "<group>";
		};
		6794475A2C4EA3C500E09E94 /* ViewModel */ = {
			isa = PBXGroup;
			children = (
				6794475B2C4EA3D200E09E94 /* LoginViewModel.swift */,
				6794475D2C4EA40B00E09E94 /* RegistrationViewModel.swift */,
			);
			path = ViewModel;
			sourceTree = "<group>";
		};
		67A828D32C32FE8800AD87C1 /* Inbox */ = {
			isa = PBXGroup;
			children = (
				671C1E7F2C65BC9D006B458A /* ViewModels */,
				671C1E7E2C65BC91006B458A /* Views */,
			);
			path = Inbox;
			sourceTree = "<group>";
		};
		67A828D62C3300B900AD87C1 /* ActiveNow */ = {
			isa = PBXGroup;
			children = (
				67A828D72C33011400AD87C1 /* ActiveNowView.swift */,
			);
			path = ActiveNow;
			sourceTree = "<group>";
		};
		67A9BD0A2C64C683000AC777 /* ViewModel */ = {
			isa = PBXGroup;
			children = (
				67A9BD0B2C64C69A000AC777 /* ContentViewModel.swift */,
			);
			path = ViewModel;
			sourceTree = "<group>";
		};
		67A9BD0D2C64C6A0000AC777 /* View */ = {
			isa = PBXGroup;
			children = (
				6744D3562C291878009AB197 /* ContentView.swift */,
			);
			path = View;
			sourceTree = "<group>";
		};
		67D375762C3A3513003CFE57 /* Profile */ = {
			isa = PBXGroup;
			children = (
				67D375782C3A3528003CFE57 /* ViewModel */,
				67D375772C3A3523003CFE57 /* View */,
			);
			path = Profile;
			sourceTree = "<group>";
		};
		67D375772C3A3523003CFE57 /* View */ = {
			isa = PBXGroup;
			children = (
				67D375792C3A353F003CFE57 /* ProfileView.swift */,
			);
			path = View;
			sourceTree = "<group>";
		};
		67D375782C3A3528003CFE57 /* ViewModel */ = {
			isa = PBXGroup;
			children = (
				67D3757B2C3A3928003CFE57 /* SettingsOptionsViewModel.swift */,
				67D3757D2C3A42BA003CFE57 /* ProfileViewModel.swift */,
			);
			path = ViewModel;
			sourceTree = "<group>";
		};
		67D375B12C3C35C8003CFE57 /* Components */ = {
			isa = PBXGroup;
			children = (
				67D375B22C3C35DF003CFE57 /* CircularProfileImageView.swift */,
			);
			path = Components;
			sourceTree = "<group>";
		};
		67D375B42C3C3A62003CFE57 /* Chat */ = {
			isa = PBXGroup;
			children = (
				671C1E8B2C6A35F4006B458A /* ViewModel */,
				671C1E8A2C6A35EF006B458A /* View */,
			);
			path = Chat;
			sourceTree = "<group>";
		};
/* End PBXGroup section */

/* Begin PBXNativeTarget section */
		6744D3502C291878009AB197 /* MessengerClone */ = {
			isa = PBXNativeTarget;
			buildConfigurationList = 6744D35F2C291879009AB197 /* Build configuration list for PBXNativeTarget "MessengerClone" */;
			buildPhases = (
				6744D34D2C291878009AB197 /* Sources */,
				6744D34E2C291878009AB197 /* Frameworks */,
				6744D34F2C291878009AB197 /* Resources */,
			);
			buildRules = (
			);
			dependencies = (
			);
			name = MessengerClone;
			packageProductDependencies = (
				67A938072C48118800106CFD /* FirebaseAnalytics */,
				67A938092C48118800106CFD /* FirebaseAnalyticsOnDeviceConversion */,
				67A9380B2C48118800106CFD /* FirebaseAnalyticsSwift */,
				67A9380D2C48118800106CFD /* FirebaseAnalyticsWithoutAdIdSupport */,
				67A9380F2C48118800106CFD /* FirebaseAppCheck */,
				67A938112C48118800106CFD /* FirebaseAppDistribution-Beta */,
				67A938132C48118800106CFD /* FirebaseAuth */,
				67A938152C48118800106CFD /* FirebaseAuthCombine-Community */,
				67A938172C48118800106CFD /* FirebaseCrashlytics */,
				67A938192C48118800106CFD /* FirebaseDatabase */,
				67A9381B2C48118800106CFD /* FirebaseDatabaseSwift */,
				67A9381D2C48118800106CFD /* FirebaseDynamicLinks */,
				67A9381F2C48118800106CFD /* FirebaseFirestore */,
				67A938212C48118800106CFD /* FirebaseFirestoreCombine-Community */,
				67A938232C48118800106CFD /* FirebaseFirestoreSwift */,
				67A938252C48118800106CFD /* FirebaseFunctions */,
				67A938272C48118800106CFD /* FirebaseFunctionsCombine-Community */,
				67A938292C48118800106CFD /* FirebaseInAppMessaging-Beta */,
				67A9382B2C48118800106CFD /* FirebaseInAppMessagingSwift-Beta */,
				67A9382D2C48118800106CFD /* FirebaseInstallations */,
				67A9382F2C48118800106CFD /* FirebaseMLModelDownloader */,
				67A938312C48118800106CFD /* FirebaseMessaging */,
				67A938332C48118800106CFD /* FirebasePerformance */,
				67A938352C48118800106CFD /* FirebaseRemoteConfig */,
				67A938372C48118800106CFD /* FirebaseRemoteConfigSwift */,
				67A938392C48118800106CFD /* FirebaseStorage */,
				67A9383B2C48118800106CFD /* FirebaseStorageCombine-Community */,
				67A9383D2C48118800106CFD /* FirebaseVertexAI-Preview */,
			);
			productName = MessengerClone;
			productReference = 6744D3512C291878009AB197 /* MessengerClone.app */;
			productType = "com.apple.product-type.application";
		};
/* End PBXNativeTarget section */

/* Begin PBXProject section */
		6744D3492C291878009AB197 /* Project object */ = {
			isa = PBXProject;
			attributes = {
				BuildIndependentTargetsInParallel = 1;
				LastSwiftUpdateCheck = 1520;
				LastUpgradeCheck = 1520;
				TargetAttributes = {
					6744D3502C291878009AB197 = {
						CreatedOnToolsVersion = 15.2;
					};
				};
			};
			buildConfigurationList = 6744D34C2C291878009AB197 /* Build configuration list for PBXProject "MessengerClone" */;
			compatibilityVersion = "Xcode 14.0";
			developmentRegion = en;
			hasScannedForEncodings = 0;
			knownRegions = (
				en,
				Base,
			);
			mainGroup = 6744D3482C291878009AB197;
			packageReferences = (
				67A938062C48118800106CFD /* XCRemoteSwiftPackageReference "firebase-ios-sdk" */,
			);
			productRefGroup = 6744D3522C291878009AB197 /* Products */;
			projectDirPath = "";
			projectRoot = "";
			targets = (
				6744D3502C291878009AB197 /* MessengerClone */,
			);
		};
/* End PBXProject section */

/* Begin PBXResourcesBuildPhase section */
		6744D34F2C291878009AB197 /* Resources */ = {
			isa = PBXResourcesBuildPhase;
			buildActionMask = 2147483647;
			files = (
				6744D35C2C291879009AB197 /* Preview Assets.xcassets in Resources */,
				6744D3592C291879009AB197 /* Assets.xcassets in Resources */,
				67A938052C48102100106CFD /* GoogleService-Info.plist in Resources */,
			);
			runOnlyForDeploymentPostprocessing = 0;
		};
/* End PBXResourcesBuildPhase section */

/* Begin PBXSourcesBuildPhase section */
		6744D34D2C291878009AB197 /* Sources */ = {
			isa = PBXSourcesBuildPhase;
			buildActionMask = 2147483647;
			files = (
				671C1E8D2C6A3609006B458A /* ChatViewModel.swift in Sources */,
				67A828DA2C33053500AD87C1 /* InboxRowView.swift in Sources */,
				671C1E812C65BCC2006B458A /* InboxViewModel.swift in Sources */,
				6794475E2C4EA40B00E09E94 /* RegistrationViewModel.swift in Sources */,
				67D3757A2C3A353F003CFE57 /* ProfileView.swift in Sources */,
				675C5B892C359C8600D984D4 /* NewMessageView.swift in Sources */,
				67A9BD0C2C64C69A000AC777 /* ContentViewModel.swift in Sources */,
				6744D36E2C2919B0009AB197 /* LoginView.swift in Sources */,
				67D375B62C3C3A73003CFE57 /* ChatView.swift in Sources */,
				679447602C4EA42D00E09E94 /* AuthService.swift in Sources */,
				6744D3572C291878009AB197 /* ContentView.swift in Sources */,
				674E199D2C4554D900A83AF1 /* ChatMessageCell.swift in Sources */,
				674E199F2C4558ED00A83AF1 /* ChatBubble.swift in Sources */,
				67D375B32C3C35DF003CFE57 /* CircularProfileImageView.swift in Sources */,
				67A828D52C32FEA400AD87C1 /* InboxView.swift in Sources */,
				6794475C2C4EA3D200E09E94 /* LoginViewModel.swift in Sources */,
				671C1E852C6A24E1006B458A /* NewMessageViewModel.swift in Sources */,
				671C1E7D2C6517F5006B458A /* UserService.swift in Sources */,
				67A828D82C33011400AD87C1 /* ActiveNowView.swift in Sources */,
				67D3757E2C3A42BA003CFE57 /* ProfileViewModel.swift in Sources */,
				67D375B02C3C2B48003CFE57 /* User.swift in Sources */,
				671C1E892C6A312E006B458A /* MessageService.swift in Sources */,
				6744D3552C291878009AB197 /* MessengerCloneApp.swift in Sources */,
				671C1E872C6A2F05006B458A /* Message.swift in Sources */,
				67D3757C2C3A3928003CFE57 /* SettingsOptionsViewModel.swift in Sources */,
				67639E172C2B1680007DD304 /* RegistrationView.swift in Sources */,
			);
			runOnlyForDeploymentPostprocessing = 0;
		};
/* End PBXSourcesBuildPhase section */

/* Begin XCBuildConfiguration section */
		6744D35D2C291879009AB197 /* Debug */ = {
			isa = XCBuildConfiguration;
			buildSettings = {
				ALWAYS_SEARCH_USER_PATHS = NO;
				ASSETCATALOG_COMPILER_GENERATE_SWIFT_ASSET_SYMBOL_EXTENSIONS = YES;
				CLANG_ANALYZER_NONNULL = YES;
				CLANG_ANALYZER_NUMBER_OBJECT_CONVERSION = YES_AGGRESSIVE;
				CLANG_CXX_LANGUAGE_STANDARD = "gnu++20";
				CLANG_ENABLE_MODULES = YES;
				CLANG_ENABLE_OBJC_ARC = YES;
				CLANG_ENABLE_OBJC_WEAK = YES;
				CLANG_WARN_BLOCK_CAPTURE_AUTORELEASING = YES;
				CLANG_WARN_BOOL_CONVERSION = YES;
				CLANG_WARN_COMMA = YES;
				CLANG_WARN_CONSTANT_CONVERSION = YES;
				CLANG_WARN_DEPRECATED_OBJC_IMPLEMENTATIONS = YES;
				CLANG_WARN_DIRECT_OBJC_ISA_USAGE = YES_ERROR;
				CLANG_WARN_DOCUMENTATION_COMMENTS = YES;
				CLANG_WARN_EMPTY_BODY = YES;
				CLANG_WARN_ENUM_CONVERSION = YES;
				CLANG_WARN_INFINITE_RECURSION = YES;
				CLANG_WARN_INT_CONVERSION = YES;
				CLANG_WARN_NON_LITERAL_NULL_CONVERSION = YES;
				CLANG_WARN_OBJC_IMPLICIT_RETAIN_SELF = YES;
				CLANG_WARN_OBJC_LITERAL_CONVERSION = YES;
				CLANG_WARN_OBJC_ROOT_CLASS = YES_ERROR;
				CLANG_WARN_QUOTED_INCLUDE_IN_FRAMEWORK_HEADER = YES;
				CLANG_WARN_RANGE_LOOP_ANALYSIS = YES;
				CLANG_WARN_STRICT_PROTOTYPES = YES;
				CLANG_WARN_SUSPICIOUS_MOVE = YES;
				CLANG_WARN_UNGUARDED_AVAILABILITY = YES_AGGRESSIVE;
				CLANG_WARN_UNREACHABLE_CODE = YES;
				CLANG_WARN__DUPLICATE_METHOD_MATCH = YES;
				COPY_PHASE_STRIP = NO;
				DEBUG_INFORMATION_FORMAT = dwarf;
				ENABLE_STRICT_OBJC_MSGSEND = YES;
				ENABLE_TESTABILITY = YES;
				ENABLE_USER_SCRIPT_SANDBOXING = YES;
				GCC_C_LANGUAGE_STANDARD = gnu17;
				GCC_DYNAMIC_NO_PIC = NO;
				GCC_NO_COMMON_BLOCKS = YES;
				GCC_OPTIMIZATION_LEVEL = 0;
				GCC_PREPROCESSOR_DEFINITIONS = (
					"DEBUG=1",
					"$(inherited)",
				);
				GCC_WARN_64_TO_32_BIT_CONVERSION = YES;
				GCC_WARN_ABOUT_RETURN_TYPE = YES_ERROR;
				GCC_WARN_UNDECLARED_SELECTOR = YES;
				GCC_WARN_UNINITIALIZED_AUTOS = YES_AGGRESSIVE;
				GCC_WARN_UNUSED_FUNCTION = YES;
				GCC_WARN_UNUSED_VARIABLE = YES;
				IPHONEOS_DEPLOYMENT_TARGET = 17.2;
				LOCALIZATION_PREFERS_STRING_CATALOGS = YES;
				MTL_ENABLE_DEBUG_INFO = INCLUDE_SOURCE;
				MTL_FAST_MATH = YES;
				ONLY_ACTIVE_ARCH = YES;
				SDKROOT = iphoneos;
				SWIFT_ACTIVE_COMPILATION_CONDITIONS = "DEBUG $(inherited)";
				SWIFT_OPTIMIZATION_LEVEL = "-Onone";
			};
			name = Debug;
		};
		6744D35E2C291879009AB197 /* Release */ = {
			isa = XCBuildConfiguration;
			buildSettings = {
				ALWAYS_SEARCH_USER_PATHS = NO;
				ASSETCATALOG_COMPILER_GENERATE_SWIFT_ASSET_SYMBOL_EXTENSIONS = YES;
				CLANG_ANALYZER_NONNULL = YES;
				CLANG_ANALYZER_NUMBER_OBJECT_CONVERSION = YES_AGGRESSIVE;
				CLANG_CXX_LANGUAGE_STANDARD = "gnu++20";
				CLANG_ENABLE_MODULES = YES;
				CLANG_ENABLE_OBJC_ARC = YES;
				CLANG_ENABLE_OBJC_WEAK = YES;
				CLANG_WARN_BLOCK_CAPTURE_AUTORELEASING = YES;
				CLANG_WARN_BOOL_CONVERSION = YES;
				CLANG_WARN_COMMA = YES;
				CLANG_WARN_CONSTANT_CONVERSION = YES;
				CLANG_WARN_DEPRECATED_OBJC_IMPLEMENTATIONS = YES;
				CLANG_WARN_DIRECT_OBJC_ISA_USAGE = YES_ERROR;
				CLANG_WARN_DOCUMENTATION_COMMENTS = YES;
				CLANG_WARN_EMPTY_BODY = YES;
				CLANG_WARN_ENUM_CONVERSION = YES;
				CLANG_WARN_INFINITE_RECURSION = YES;
				CLANG_WARN_INT_CONVERSION = YES;
				CLANG_WARN_NON_LITERAL_NULL_CONVERSION = YES;
				CLANG_WARN_OBJC_IMPLICIT_RETAIN_SELF = YES;
				CLANG_WARN_OBJC_LITERAL_CONVERSION = YES;
				CLANG_WARN_OBJC_ROOT_CLASS = YES_ERROR;
				CLANG_WARN_QUOTED_INCLUDE_IN_FRAMEWORK_HEADER = YES;
				CLANG_WARN_RANGE_LOOP_ANALYSIS = YES;
				CLANG_WARN_STRICT_PROTOTYPES = YES;
				CLANG_WARN_SUSPICIOUS_MOVE = YES;
				CLANG_WARN_UNGUARDED_AVAILABILITY = YES_AGGRESSIVE;
				CLANG_WARN_UNREACHABLE_CODE = YES;
				CLANG_WARN__DUPLICATE_METHOD_MATCH = YES;
				COPY_PHASE_STRIP = NO;
				DEBUG_INFORMATION_FORMAT = "dwarf-with-dsym";
				ENABLE_NS_ASSERTIONS = NO;
				ENABLE_STRICT_OBJC_MSGSEND = YES;
				ENABLE_USER_SCRIPT_SANDBOXING = YES;
				GCC_C_LANGUAGE_STANDARD = gnu17;
				GCC_NO_COMMON_BLOCKS = YES;
				GCC_WARN_64_TO_32_BIT_CONVERSION = YES;
				GCC_WARN_ABOUT_RETURN_TYPE = YES_ERROR;
				GCC_WARN_UNDECLARED_SELECTOR = YES;
				GCC_WARN_UNINITIALIZED_AUTOS = YES_AGGRESSIVE;
				GCC_WARN_UNUSED_FUNCTION = YES;
				GCC_WARN_UNUSED_VARIABLE = YES;
				IPHONEOS_DEPLOYMENT_TARGET = 17.2;
				LOCALIZATION_PREFERS_STRING_CATALOGS = YES;
				MTL_ENABLE_DEBUG_INFO = NO;
				MTL_FAST_MATH = YES;
				SDKROOT = iphoneos;
				SWIFT_COMPILATION_MODE = wholemodule;
				VALIDATE_PRODUCT = YES;
			};
			name = Release;
		};
		6744D3602C291879009AB197 /* Debug */ = {
			isa = XCBuildConfiguration;
			buildSettings = {
				ASSETCATALOG_COMPILER_APPICON_NAME = AppIcon;
				ASSETCATALOG_COMPILER_GLOBAL_ACCENT_COLOR_NAME = AccentColor;
				CODE_SIGN_STYLE = Automatic;
				CURRENT_PROJECT_VERSION = 1;
				DEVELOPMENT_ASSET_PATHS = "\"MessengerClone/Preview Content\"";
				DEVELOPMENT_TEAM = NU76QT8A6R;
				ENABLE_PREVIEWS = YES;
				GENERATE_INFOPLIST_FILE = YES;
				INFOPLIST_KEY_UIApplicationSceneManifest_Generation = YES;
				INFOPLIST_KEY_UIApplicationSupportsIndirectInputEvents = YES;
				INFOPLIST_KEY_UILaunchScreen_Generation = YES;
				INFOPLIST_KEY_UISupportedInterfaceOrientations_iPad = "UIInterfaceOrientationPortrait UIInterfaceOrientationPortraitUpsideDown UIInterfaceOrientationLandscapeLeft UIInterfaceOrientationLandscapeRight";
				INFOPLIST_KEY_UISupportedInterfaceOrientations_iPhone = "UIInterfaceOrientationPortrait UIInterfaceOrientationLandscapeLeft UIInterfaceOrientationLandscapeRight";
				LD_RUNPATH_SEARCH_PATHS = (
					"$(inherited)",
					"@executable_path/Frameworks",
				);
				MARKETING_VERSION = 1.0;
				PRODUCT_BUNDLE_IDENTIFIER = com.ivycomptech.MessengerClone;
				PRODUCT_NAME = "$(TARGET_NAME)";
				SWIFT_EMIT_LOC_STRINGS = YES;
				SWIFT_VERSION = 5.0;
				TARGETED_DEVICE_FAMILY = "1,2";
			};
			name = Debug;
		};
		6744D3612C291879009AB197 /* Release */ = {
			isa = XCBuildConfiguration;
			buildSettings = {
				ASSETCATALOG_COMPILER_APPICON_NAME = AppIcon;
				ASSETCATALOG_COMPILER_GLOBAL_ACCENT_COLOR_NAME = AccentColor;
				CODE_SIGN_STYLE = Automatic;
				CURRENT_PROJECT_VERSION = 1;
				DEVELOPMENT_ASSET_PATHS = "\"MessengerClone/Preview Content\"";
				DEVELOPMENT_TEAM = NU76QT8A6R;
				ENABLE_PREVIEWS = YES;
				GENERATE_INFOPLIST_FILE = YES;
				INFOPLIST_KEY_UIApplicationSceneManifest_Generation = YES;
				INFOPLIST_KEY_UIApplicationSupportsIndirectInputEvents = YES;
				INFOPLIST_KEY_UILaunchScreen_Generation = YES;
				INFOPLIST_KEY_UISupportedInterfaceOrientations_iPad = "UIInterfaceOrientationPortrait UIInterfaceOrientationPortraitUpsideDown UIInterfaceOrientationLandscapeLeft UIInterfaceOrientationLandscapeRight";
				INFOPLIST_KEY_UISupportedInterfaceOrientations_iPhone = "UIInterfaceOrientationPortrait UIInterfaceOrientationLandscapeLeft UIInterfaceOrientationLandscapeRight";
				LD_RUNPATH_SEARCH_PATHS = (
					"$(inherited)",
					"@executable_path/Frameworks",
				);
				MARKETING_VERSION = 1.0;
				PRODUCT_BUNDLE_IDENTIFIER = com.ivycomptech.MessengerClone;
				PRODUCT_NAME = "$(TARGET_NAME)";
				SWIFT_EMIT_LOC_STRINGS = YES;
				SWIFT_VERSION = 5.0;
				TARGETED_DEVICE_FAMILY = "1,2";
			};
			name = Release;
		};
/* End XCBuildConfiguration section */

/* Begin XCConfigurationList section */
		6744D34C2C291878009AB197 /* Build configuration list for PBXProject "MessengerClone" */ = {
			isa = XCConfigurationList;
			buildConfigurations = (
				6744D35D2C291879009AB197 /* Debug */,
				6744D35E2C291879009AB197 /* Release */,
			);
			defaultConfigurationIsVisible = 0;
			defaultConfigurationName = Release;
		};
		6744D35F2C291879009AB197 /* Build configuration list for PBXNativeTarget "MessengerClone" */ = {
			isa = XCConfigurationList;
			buildConfigurations = (
				6744D3602C291879009AB197 /* Debug */,
				6744D3612C291879009AB197 /* Release */,
			);
			defaultConfigurationIsVisible = 0;
			defaultConfigurationName = Release;
		};
/* End XCConfigurationList section */

/* Begin XCRemoteSwiftPackageReference section */
		67A938062C48118800106CFD /* XCRemoteSwiftPackageReference "firebase-ios-sdk" */ = {
			isa = XCRemoteSwiftPackageReference;
			repositoryURL = "https://github.com/firebase/firebase-ios-sdk";
			requirement = {
				kind = upToNextMajorVersion;
				minimumVersion = 10.29.0;
			};
		};
/* End XCRemoteSwiftPackageReference section */

/* Begin XCSwiftPackageProductDependency section */
		67A938072C48118800106CFD /* FirebaseAnalytics */ = {
			isa = XCSwiftPackageProductDependency;
			package = 67A938062C48118800106CFD /* XCRemoteSwiftPackageReference "firebase-ios-sdk" */;
			productName = FirebaseAnalytics;
		};
		67A938092C48118800106CFD /* FirebaseAnalyticsOnDeviceConversion */ = {
			isa = XCSwiftPackageProductDependency;
			package = 67A938062C48118800106CFD /* XCRemoteSwiftPackageReference "firebase-ios-sdk" */;
			productName = FirebaseAnalyticsOnDeviceConversion;
		};
		67A9380B2C48118800106CFD /* FirebaseAnalyticsSwift */ = {
			isa = XCSwiftPackageProductDependency;
			package = 67A938062C48118800106CFD /* XCRemoteSwiftPackageReference "firebase-ios-sdk" */;
			productName = FirebaseAnalyticsSwift;
		};
		67A9380D2C48118800106CFD /* FirebaseAnalyticsWithoutAdIdSupport */ = {
			isa = XCSwiftPackageProductDependency;
			package = 67A938062C48118800106CFD /* XCRemoteSwiftPackageReference "firebase-ios-sdk" */;
			productName = FirebaseAnalyticsWithoutAdIdSupport;
		};
		67A9380F2C48118800106CFD /* FirebaseAppCheck */ = {
			isa = XCSwiftPackageProductDependency;
			package = 67A938062C48118800106CFD /* XCRemoteSwiftPackageReference "firebase-ios-sdk" */;
			productName = FirebaseAppCheck;
		};
		67A938112C48118800106CFD /* FirebaseAppDistribution-Beta */ = {
			isa = XCSwiftPackageProductDependency;
			package = 67A938062C48118800106CFD /* XCRemoteSwiftPackageReference "firebase-ios-sdk" */;
			productName = "FirebaseAppDistribution-Beta";
		};
		67A938132C48118800106CFD /* FirebaseAuth */ = {
			isa = XCSwiftPackageProductDependency;
			package = 67A938062C48118800106CFD /* XCRemoteSwiftPackageReference "firebase-ios-sdk" */;
			productName = FirebaseAuth;
		};
		67A938152C48118800106CFD /* FirebaseAuthCombine-Community */ = {
			isa = XCSwiftPackageProductDependency;
			package = 67A938062C48118800106CFD /* XCRemoteSwiftPackageReference "firebase-ios-sdk" */;
			productName = "FirebaseAuthCombine-Community";
		};
		67A938172C48118800106CFD /* FirebaseCrashlytics */ = {
			isa = XCSwiftPackageProductDependency;
			package = 67A938062C48118800106CFD /* XCRemoteSwiftPackageReference "firebase-ios-sdk" */;
			productName = FirebaseCrashlytics;
		};
		67A938192C48118800106CFD /* FirebaseDatabase */ = {
			isa = XCSwiftPackageProductDependency;
			package = 67A938062C48118800106CFD /* XCRemoteSwiftPackageReference "firebase-ios-sdk" */;
			productName = FirebaseDatabase;
		};
		67A9381B2C48118800106CFD /* FirebaseDatabaseSwift */ = {
			isa = XCSwiftPackageProductDependency;
			package = 67A938062C48118800106CFD /* XCRemoteSwiftPackageReference "firebase-ios-sdk" */;
			productName = FirebaseDatabaseSwift;
		};
		67A9381D2C48118800106CFD /* FirebaseDynamicLinks */ = {
			isa = XCSwiftPackageProductDependency;
			package = 67A938062C48118800106CFD /* XCRemoteSwiftPackageReference "firebase-ios-sdk" */;
			productName = FirebaseDynamicLinks;
		};
		67A9381F2C48118800106CFD /* FirebaseFirestore */ = {
			isa = XCSwiftPackageProductDependency;
			package = 67A938062C48118800106CFD /* XCRemoteSwiftPackageReference "firebase-ios-sdk" */;
			productName = FirebaseFirestore;
		};
		67A938212C48118800106CFD /* FirebaseFirestoreCombine-Community */ = {
			isa = XCSwiftPackageProductDependency;
			package = 67A938062C48118800106CFD /* XCRemoteSwiftPackageReference "firebase-ios-sdk" */;
			productName = "FirebaseFirestoreCombine-Community";
		};
		67A938232C48118800106CFD /* FirebaseFirestoreSwift */ = {
			isa = XCSwiftPackageProductDependency;
			package = 67A938062C48118800106CFD /* XCRemoteSwiftPackageReference "firebase-ios-sdk" */;
			productName = FirebaseFirestoreSwift;
		};
		67A938252C48118800106CFD /* FirebaseFunctions */ = {
			isa = XCSwiftPackageProductDependency;
			package = 67A938062C48118800106CFD /* XCRemoteSwiftPackageReference "firebase-ios-sdk" */;
			productName = FirebaseFunctions;
		};
		67A938272C48118800106CFD /* FirebaseFunctionsCombine-Community */ = {
			isa = XCSwiftPackageProductDependency;
			package = 67A938062C48118800106CFD /* XCRemoteSwiftPackageReference "firebase-ios-sdk" */;
			productName = "FirebaseFunctionsCombine-Community";
		};
		67A938292C48118800106CFD /* FirebaseInAppMessaging-Beta */ = {
			isa = XCSwiftPackageProductDependency;
			package = 67A938062C48118800106CFD /* XCRemoteSwiftPackageReference "firebase-ios-sdk" */;
			productName = "FirebaseInAppMessaging-Beta";
		};
		67A9382B2C48118800106CFD /* FirebaseInAppMessagingSwift-Beta */ = {
			isa = XCSwiftPackageProductDependency;
			package = 67A938062C48118800106CFD /* XCRemoteSwiftPackageReference "firebase-ios-sdk" */;
			productName = "FirebaseInAppMessagingSwift-Beta";
		};
		67A9382D2C48118800106CFD /* FirebaseInstallations */ = {
			isa = XCSwiftPackageProductDependency;
			package = 67A938062C48118800106CFD /* XCRemoteSwiftPackageReference "firebase-ios-sdk" */;
			productName = FirebaseInstallations;
		};
		67A9382F2C48118800106CFD /* FirebaseMLModelDownloader */ = {
			isa = XCSwiftPackageProductDependency;
			package = 67A938062C48118800106CFD /* XCRemoteSwiftPackageReference "firebase-ios-sdk" */;
			productName = FirebaseMLModelDownloader;
		};
		67A938312C48118800106CFD /* FirebaseMessaging */ = {
			isa = XCSwiftPackageProductDependency;
			package = 67A938062C48118800106CFD /* XCRemoteSwiftPackageReference "firebase-ios-sdk" */;
			productName = FirebaseMessaging;
		};
		67A938332C48118800106CFD /* FirebasePerformance */ = {
			isa = XCSwiftPackageProductDependency;
			package = 67A938062C48118800106CFD /* XCRemoteSwiftPackageReference "firebase-ios-sdk" */;
			productName = FirebasePerformance;
		};
		67A938352C48118800106CFD /* FirebaseRemoteConfig */ = {
			isa = XCSwiftPackageProductDependency;
			package = 67A938062C48118800106CFD /* XCRemoteSwiftPackageReference "firebase-ios-sdk" */;
			productName = FirebaseRemoteConfig;
		};
		67A938372C48118800106CFD /* FirebaseRemoteConfigSwift */ = {
			isa = XCSwiftPackageProductDependency;
			package = 67A938062C48118800106CFD /* XCRemoteSwiftPackageReference "firebase-ios-sdk" */;
			productName = FirebaseRemoteConfigSwift;
		};
		67A938392C48118800106CFD /* FirebaseStorage */ = {
			isa = XCSwiftPackageProductDependency;
			package = 67A938062C48118800106CFD /* XCRemoteSwiftPackageReference "firebase-ios-sdk" */;
			productName = FirebaseStorage;
		};
		67A9383B2C48118800106CFD /* FirebaseStorageCombine-Community */ = {
			isa = XCSwiftPackageProductDependency;
			package = 67A938062C48118800106CFD /* XCRemoteSwiftPackageReference "firebase-ios-sdk" */;
			productName = "FirebaseStorageCombine-Community";
		};
		67A9383D2C48118800106CFD /* FirebaseVertexAI-Preview */ = {
			isa = XCSwiftPackageProductDependency;
			package = 67A938062C48118800106CFD /* XCRemoteSwiftPackageReference "firebase-ios-sdk" */;
			productName = "FirebaseVertexAI-Preview";
		};
/* End XCSwiftPackageProductDependency section */
	};
	rootObject = 6744D3492C291878009AB197 /* Project object */;
}
